{
  "originHash" : "b09afdfda25eb6a1cfa9584919efbb3ea94557a0433f5a4a3f4d1881cdc0a189",
  "pins" : [
    {
      "identity" : "swift-docc-plugin",
      "kind" : "remoteSourceControl",
      "location" : "https://github.com/apple/swift-docc-plugin",
      "state" : {
        "revision" : "26ac5758409154cc448d7ab82389c520fa8a8247",
        "version" : "1.3.0"
      }
    },
    {
      "identity" : "swift-docc-symbolkit",
      "kind" : "remoteSourceControl",
      "location" : "https://github.com/apple/swift-docc-symbolkit",
      "state" : {
        "revision" : "b45d1f2ed151d057b54504d653e0da5552844e34",
        "version" : "1.0.0"
      }
    },
    {
      "identity" : "swift-syntax",
      "kind" : "remoteSourceControl",
      "location" : "https://github.com/apple/swift-syntax.git",
      "state" : {
        "revision" : "64889f0c732f210a935a0ad7cda38f77f876262d",
        "version" : "509.1.1"
      }
    },
    {
      "identity" : "swift-testing",
      "kind" : "remoteSourceControl",
      "location" : "https://github.com/apple/swift-testing.git",
      "state" : {
        "revision" : "3ed2f90058afe4437369aee4880890e7fa65d1ec",
        "version" : "0.5.1"
      }
    },
    {
      "identity" : "swift-xctesting",
      "kind" : "remoteSourceControl",
      "location" : "https://github.com/noahkamara/swift-xctesting",
      "state" : {
        "branch" : "main",
        "revision" : "cc7414718464f58d3391195afeb4d48fb98d8818"
      }
    },
    {
      "identity" : "xctest-dynamic-overlay",
      "kind" : "remoteSourceControl",
      "location" : "https://github.com/pointfreeco/xctest-dynamic-overlay",
      "state" : {
        "revision" : "b13b1d1a8e787a5ffc71ac19dcaf52183ab27ba2",
        "version" : "1.1.1"
      }
    }
  ],
  "version" : 3
}
